
Microsoft Visual Studio Solution File, Format Version 12.00
# Visual Studio Version 17
VisualStudioVersion = 17.13.35913.81 d17.13
MinimumVisualStudioVersion = 10.0.40219.1
Project("{FAE04EC0-301F-11D3-BF4B-00C04F79EFBC}") = "RoomBookingApp.Core.Tests", "RoomBookingApp.Core.Tests\RoomBookingApp.Core.Tests.csproj", "{C64E6A2E-B452-4BFE-AEF0-21D0FC89FFFD}"
EndProject
Global
	GlobalSection(SolutionConfigurationPlatforms) = preSolution
		Debug|Any CPU = Debug|Any CPU
		Release|Any CPU = Release|Any CPU
	EndGlobalSection
	GlobalSection(ProjectConfigurationPlatforms) = postSolution
		{C64E6A2E-B452-4BFE-AEF0-21D0FC89FFFD}.Debug|Any CPU.ActiveCfg = Debug|Any CPU
		{C64E6A2E-B452-4BFE-AEF0-21D0FC89FFFD}.Debug|Any CPU.Build.0 = Debug|Any CPU
		{C64E6A2E-B452-4BFE-AEF0-21D0FC89FFFD}.Release|Any CPU.ActiveCfg = Release|Any CPU
		{C64E6A2E-B452-4BFE-AEF0-21D0FC89FFFD}.Release|Any CPU.Build.0 = Release|Any CPU
	EndGlobalSection
	GlobalSection(SolutionProperties) = preSolution
		HideSolutionNode = FALSE
	EndGlobalSection
	GlobalSection(ExtensibilityGlobals) = postSolution
		SolutionGuid = {D828D3FA-8C05-4CC4-BAA2-E4BFA04A9E43}
	EndGlobalSection
EndGlobal
